
Microsoft Visual Studio Solution File, Format Version 12.00
# Visual Studio Version 16
VisualStudioVersion = 16.0.29519.181
MinimumVisualStudioVersion = 10.0.40219.1
Project("{FAE04EC0-301F-11D3-BF4B-00C04F79EFBC}") = "Tracker_1", "Tracker_1\Tracker_1.csproj", "{EED69F60-F358-4708-B683-BA636D5254C9}"
EndProject
Global
	GlobalSection(SolutionConfigurationPlatforms) = preSolution
		Debug|Any CPU = Debug|Any CPU
		Release|Any CPU = Release|Any CPU
	EndGlobalSection
	GlobalSection(ProjectConfigurationPlatforms) = postSolution
		{EED69F60-F358-4708-B683-BA636D5254C9}.Debug|Any CPU.ActiveCfg = Debug|Any CPU
		{EED69F60-F358-4708-B683-BA636D5254C9}.Debug|Any CPU.Build.0 = Debug|Any CPU
		{EED69F60-F358-4708-B683-BA636D5254C9}.Release|Any CPU.ActiveCfg = Release|Any CPU
		{EED69F60-F358-4708-B683-BA636D5254C9}.Release|Any CPU.Build.0 = Release|Any CPU
	EndGlobalSection
	GlobalSection(SolutionProperties) = preSolution
		HideSolutionNode = FALSE
	EndGlobalSection
	GlobalSection(ExtensibilityGlobals) = postSolution
		SolutionGuid = {11EA75AB-104E-425B-90AD-BDD3AB1E4456}
	EndGlobalSection
EndGlobal
